
Microsoft Visual Studio Solution File, Format Version 12.00
# Visual Studio Version 17
VisualStudioVersion = 17.6.33723.286
MinimumVisualStudioVersion = 10.0.40219.1
Project("{FAE04EC0-301F-11D3-BF4B-00C04F79EFBC}") = "Question 2", "Question 2\Question 2.csproj", "{6C0BA3DD-D65D-450A-BFCF-354340CE4CDA}"
EndProject
Global
	GlobalSection(SolutionConfigurationPlatforms) = preSolution
		Debug|Any CPU = Debug|Any CPU
		Release|Any CPU = Release|Any CPU
	EndGlobalSection
	GlobalSection(ProjectConfigurationPlatforms) = postSolution
		{6C0BA3DD-D65D-450A-BFCF-354340CE4CDA}.Debug|Any CPU.ActiveCfg = Debug|Any CPU
		{6C0BA3DD-D65D-450A-BFCF-354340CE4CDA}.Debug|Any CPU.Build.0 = Debug|Any CPU
		{6C0BA3DD-D65D-450A-BFCF-354340CE4CDA}.Release|Any CPU.ActiveCfg = Release|Any CPU
		{6C0BA3DD-D65D-450A-BFCF-354340CE4CDA}.Release|Any CPU.Build.0 = Release|Any CPU
	EndGlobalSection
	GlobalSection(SolutionProperties) = preSolution
		HideSolutionNode = FALSE
	EndGlobalSection
	GlobalSection(ExtensibilityGlobals) = postSolution
		SolutionGuid = {1636DF92-7BF0-469C-B871-F6427874614E}
	EndGlobalSection
EndGlobal
